
Microsoft Visual Studio Solution File, Format Version 12.00
# Visual Studio 15
VisualStudioVersion = 15.0.26228.4
MinimumVisualStudioVersion = 10.0.40219.1
Project("{FAE04EC0-301F-11D3-BF4B-00C04F79EFBC}") = "LibP2P", "LibP2P\LibP2P.csproj", "{DC5E058C-C194-432D-B5FF-B84DB7E45CFF}"
EndProject
Project("{FAE04EC0-301F-11D3-BF4B-00C04F79EFBC}") = "LibP2P.Crypto", "LibP2P.Crypto\LibP2P.Crypto\LibP2P.Crypto.csproj", "{D8563E48-CA7B-4BA5-A29C-F3C2FBE60EE8}"
EndProject
Project("{2150E333-8FDC-42A3-9474-1A3956D46DE8}") = "Tests", "Tests", "{65B3912E-9260-462B-90DE-0ACEDCE0A4E7}"
EndProject
Project("{FAE04EC0-301F-11D3-BF4B-00C04F79EFBC}") = "LibP2P.Crypto.Tests", "LibP2P.Crypto\LibP2P.Crypto.Tests\LibP2P.Crypto.Tests.csproj", "{6C4D37BB-BFE2-4379-8EF8-DD75F0D70252}"
EndProject
Project("{FAE04EC0-301F-11D3-BF4B-00C04F79EFBC}") = "LibP2P.Host", "LibP2P.Host\LibP2P.Host\LibP2P.Host.csproj", "{D6B2054F-4374-4FAF-BA80-491DB29EF03C}"
EndProject
Project("{FAE04EC0-301F-11D3-BF4B-00C04F79EFBC}") = "LibP2P.Host.Tests", "LibP2P.Host\LibP2P.Host.Tests\LibP2P.Host.Tests.csproj", "{1029CDFE-58F9-4C49-A2C2-F5CF861B7B88}"
EndProject
Project("{FAE04EC0-301F-11D3-BF4B-00C04F79EFBC}") = "LibP2P.IO", "LibP2P.IO\LibP2P.IO\LibP2P.IO.csproj", "{739C515D-F093-4961-B05A-14A1E6A01AFE}"
EndProject
Project("{FAE04EC0-301F-11D3-BF4B-00C04F79EFBC}") = "LibP2P.IO.Tests", "LibP2P.IO\LibP2P.IO.Tests\LibP2P.IO.Tests.csproj", "{833BF4C5-0618-47ED-B48E-DEC16BFE420B}"
EndProject
Project("{FAE04EC0-301F-11D3-BF4B-00C04F79EFBC}") = "LibP2P.KBucket", "LibP2P.KBucket\LibP2P.KBucket\LibP2P.KBucket.csproj", "{C859E2B3-0994-43A6-B1E9-7A07BD1C9C00}"
EndProject
Project("{FAE04EC0-301F-11D3-BF4B-00C04F79EFBC}") = "LibP2P.KBucket.Tests", "LibP2P.KBucket\LibP2P.KBucket.Tests\LibP2P.KBucket.Tests.csproj", "{0873DAB3-91A3-4737-AF2B-617F45FC01DD}"
EndProject
Project("{FAE04EC0-301F-11D3-BF4B-00C04F79EFBC}") = "LibP2P.Net", "LibP2P.Net\LibP2P.Net\LibP2P.Net.csproj", "{5FD5A81D-2301-4134-8E0D-BBD0C6008E1F}"
EndProject
Project("{FAE04EC0-301F-11D3-BF4B-00C04F79EFBC}") = "LibP2P.Peer", "LibP2P.Peer\LibP2P.Peer\LibP2P.Peer.csproj", "{D0CF6B9E-34AD-4D5E-AEEC-F3DF6CE3ADC7}"
EndProject
Project("{FAE04EC0-301F-11D3-BF4B-00C04F79EFBC}") = "LibP2P.Peer.Tests", "LibP2P.Peer\LibP2P.Peer.Tests\LibP2P.Peer.Tests.csproj", "{A15C80C7-9D19-44B8-A12E-87E5CDBA5F7B}"
EndProject
Project("{FAE04EC0-301F-11D3-BF4B-00C04F79EFBC}") = "LibP2P.Peer.Store", "LibP2P.PeerStore\LibP2P.Peer.Store\LibP2P.Peer.Store.csproj", "{6ACAC5F7-E30B-4348-959B-813CAFEF40CE}"
EndProject
Project("{FAE04EC0-301F-11D3-BF4B-00C04F79EFBC}") = "LibP2P.Peer.Store.Tests", "LibP2P.PeerStore\LibP2P.Peer.Store.Tests\LibP2P.Peer.Store.Tests.csproj", "{E22C9BBB-2CD8-4B37-B215-4EC186D8556E}"
EndProject
Project("{FAE04EC0-301F-11D3-BF4B-00C04F79EFBC}") = "LibP2P.Protocol", "LibP2P.Protocol\LibP2P.Protocol\LibP2P.Protocol.csproj", "{CE416346-7955-4118-8D71-44D9077BCE36}"
EndProject
Project("{FAE04EC0-301F-11D3-BF4B-00C04F79EFBC}") = "LibP2P.Protocol.Tests", "LibP2P.Protocol\LibP2P.Protocol.Tests\LibP2P.Protocol.Tests.csproj", "{1D9F2111-1C19-43EE-9AAB-6AFAEE7523B2}"
EndProject
Project("{FAE04EC0-301F-11D3-BF4B-00C04F79EFBC}") = "LibP2P.Record", "LibP2P.Record\LibP2P.Record\LibP2P.Record.csproj", "{F61800CC-BE74-432C-8E8B-A4A71B4B7D4E}"
EndProject
Project("{FAE04EC0-301F-11D3-BF4B-00C04F79EFBC}") = "LibP2P.Record.Tests", "LibP2P.Record\LibP2P.Record.Tests\LibP2P.Record.Tests.csproj", "{E2DFC2E2-CEDB-41CA-B54D-CB3450C73649}"
EndProject
Project("{FAE04EC0-301F-11D3-BF4B-00C04F79EFBC}") = "LibP2P.Routing", "LibP2P.Routing\LibP2P.Routing\LibP2P.Routing.csproj", "{BEFABB0D-F0EE-464D-BA3F-888609016F15}"
EndProject
Project("{FAE04EC0-301F-11D3-BF4B-00C04F79EFBC}") = "LibP2P.Routing.Tests", "LibP2P.Routing\LibP2P.Routing.Tests\LibP2P.Routing.Tests.csproj", "{CAB95631-0301-4625-A2BE-EFABF34B4F85}"
EndProject
Project("{FAE04EC0-301F-11D3-BF4B-00C04F79EFBC}") = "LibP2P.Abstractions.Transport", "LibP2P.Transport\LibP2P.Abstractions.Transport\LibP2P.Abstractions.Transport.csproj", "{4130E6EC-04C4-4058-98B8-F840E100615E}"
EndProject
Project("{FAE04EC0-301F-11D3-BF4B-00C04F79EFBC}") = "LibP2P.Abstractions.Transport.Tests", "LibP2P.Transport\LibP2P.Abstractions.Transport.Tests\LibP2P.Abstractions.Transport.Tests.csproj", "{544D10B8-D0F0-412B-A9E3-B7081501E423}"
EndProject
Project("{FAE04EC0-301F-11D3-BF4B-00C04F79EFBC}") = "LibP2P.Transport.Tcp", "LibP2P.Transport.Tcp\LibP2P.Transport.Tcp\LibP2P.Transport.Tcp.csproj", "{880385E3-DF4E-4730-B5B5-C41BBFE22E88}"
EndProject
Project("{FAE04EC0-301F-11D3-BF4B-00C04F79EFBC}") = "LibP2P.Transport.Tcp.Tests", "LibP2P.Transport.Tcp\LibP2P.Transport.Tcp.Tests\LibP2P.Transport.Tcp.Tests.csproj", "{B427D30A-5289-4552-B7A2-4FA13D9167BC}"
EndProject
Project("{FAE04EC0-301F-11D3-BF4B-00C04F79EFBC}") = "LibP2P.Utilities", "LibP2P.Utils\LibP2P.Utilities\LibP2P.Utilities.csproj", "{D4741FE6-E836-4C4B-94D9-E1CEC2704F62}"
EndProject
Project("{FAE04EC0-301F-11D3-BF4B-00C04F79EFBC}") = "LibP2P.Utilities.Tests", "LibP2P.Utils\LibP2P.Utilities.Tests\LibP2P.Utilities.Tests.csproj", "{D8AAFF4E-61A5-4D2D-9E00-91CFE0AFEB81}"
EndProject
Global
	GlobalSection(SolutionConfigurationPlatforms) = preSolution
		Debug|Any CPU = Debug|Any CPU
		Release|Any CPU = Release|Any CPU
	EndGlobalSection
	GlobalSection(ProjectConfigurationPlatforms) = postSolution
		{DC5E058C-C194-432D-B5FF-B84DB7E45CFF}.Debug|Any CPU.ActiveCfg = Debug|Any CPU
		{DC5E058C-C194-432D-B5FF-B84DB7E45CFF}.Debug|Any CPU.Build.0 = Debug|Any CPU
		{DC5E058C-C194-432D-B5FF-B84DB7E45CFF}.Release|Any CPU.ActiveCfg = Release|Any CPU
		{DC5E058C-C194-432D-B5FF-B84DB7E45CFF}.Release|Any CPU.Build.0 = Release|Any CPU
		{D8563E48-CA7B-4BA5-A29C-F3C2FBE60EE8}.Debug|Any CPU.ActiveCfg = Debug|Any CPU
		{D8563E48-CA7B-4BA5-A29C-F3C2FBE60EE8}.Debug|Any CPU.Build.0 = Debug|Any CPU
		{D8563E48-CA7B-4BA5-A29C-F3C2FBE60EE8}.Release|Any CPU.ActiveCfg = Release|Any CPU
		{D8563E48-CA7B-4BA5-A29C-F3C2FBE60EE8}.Release|Any CPU.Build.0 = Release|Any CPU
		{6C4D37BB-BFE2-4379-8EF8-DD75F0D70252}.Debug|Any CPU.ActiveCfg = Debug|Any CPU
		{6C4D37BB-BFE2-4379-8EF8-DD75F0D70252}.Debug|Any CPU.Build.0 = Debug|Any CPU
		{6C4D37BB-BFE2-4379-8EF8-DD75F0D70252}.Release|Any CPU.ActiveCfg = Release|Any CPU
		{6C4D37BB-BFE2-4379-8EF8-DD75F0D70252}.Release|Any CPU.Build.0 = Release|Any CPU
		{D6B2054F-4374-4FAF-BA80-491DB29EF03C}.Debug|Any CPU.ActiveCfg = Debug|Any CPU
		{D6B2054F-4374-4FAF-BA80-491DB29EF03C}.Debug|Any CPU.Build.0 = Debug|Any CPU
		{D6B2054F-4374-4FAF-BA80-491DB29EF03C}.Release|Any CPU.ActiveCfg = Release|Any CPU
		{D6B2054F-4374-4FAF-BA80-491DB29EF03C}.Release|Any CPU.Build.0 = Release|Any CPU
		{1029CDFE-58F9-4C49-A2C2-F5CF861B7B88}.Debug|Any CPU.ActiveCfg = Debug|Any CPU
		{1029CDFE-58F9-4C49-A2C2-F5CF861B7B88}.Debug|Any CPU.Build.0 = Debug|Any CPU
		{1029CDFE-58F9-4C49-A2C2-F5CF861B7B88}.Release|Any CPU.ActiveCfg = Release|Any CPU
		{1029CDFE-58F9-4C49-A2C2-F5CF861B7B88}.Release|Any CPU.Build.0 = Release|Any CPU
		{739C515D-F093-4961-B05A-14A1E6A01AFE}.Debug|Any CPU.ActiveCfg = Debug|Any CPU
		{739C515D-F093-4961-B05A-14A1E6A01AFE}.Debug|Any CPU.Build.0 = Debug|Any CPU
		{739C515D-F093-4961-B05A-14A1E6A01AFE}.Release|Any CPU.ActiveCfg = Release|Any CPU
		{739C515D-F093-4961-B05A-14A1E6A01AFE}.Release|Any CPU.Build.0 = Release|Any CPU
		{833BF4C5-0618-47ED-B48E-DEC16BFE420B}.Debug|Any CPU.ActiveCfg = Debug|Any CPU
		{833BF4C5-0618-47ED-B48E-DEC16BFE420B}.Debug|Any CPU.Build.0 = Debug|Any CPU
		{833BF4C5-0618-47ED-B48E-DEC16BFE420B}.Release|Any CPU.ActiveCfg = Release|Any CPU
		{833BF4C5-0618-47ED-B48E-DEC16BFE420B}.Release|Any CPU.Build.0 = Release|Any CPU
		{C859E2B3-0994-43A6-B1E9-7A07BD1C9C00}.Debug|Any CPU.ActiveCfg = Debug|Any CPU
		{C859E2B3-0994-43A6-B1E9-7A07BD1C9C00}.Debug|Any CPU.Build.0 = Debug|Any CPU
		{C859E2B3-0994-43A6-B1E9-7A07BD1C9C00}.Release|Any CPU.ActiveCfg = Release|Any CPU
		{C859E2B3-0994-43A6-B1E9-7A07BD1C9C00}.Release|Any CPU.Build.0 = Release|Any CPU
		{0873DAB3-91A3-4737-AF2B-617F45FC01DD}.Debug|Any CPU.ActiveCfg = Debug|Any CPU
		{0873DAB3-91A3-4737-AF2B-617F45FC01DD}.Debug|Any CPU.Build.0 = Debug|Any CPU
		{0873DAB3-91A3-4737-AF2B-617F45FC01DD}.Release|Any CPU.ActiveCfg = Release|Any CPU
		{0873DAB3-91A3-4737-AF2B-617F45FC01DD}.Release|Any CPU.Build.0 = Release|Any CPU
		{5FD5A81D-2301-4134-8E0D-BBD0C6008E1F}.Debug|Any CPU.ActiveCfg = Debug|Any CPU
		{5FD5A81D-2301-4134-8E0D-BBD0C6008E1F}.Debug|Any CPU.Build.0 = Debug|Any CPU
		{5FD5A81D-2301-4134-8E0D-BBD0C6008E1F}.Release|Any CPU.ActiveCfg = Release|Any CPU
		{5FD5A81D-2301-4134-8E0D-BBD0C6008E1F}.Release|Any CPU.Build.0 = Release|Any CPU
		{D0CF6B9E-34AD-4D5E-AEEC-F3DF6CE3ADC7}.Debug|Any CPU.ActiveCfg = Debug|Any CPU
		{D0CF6B9E-34AD-4D5E-AEEC-F3DF6CE3ADC7}.Debug|Any CPU.Build.0 = Debug|Any CPU
		{D0CF6B9E-34AD-4D5E-AEEC-F3DF6CE3ADC7}.Release|Any CPU.ActiveCfg = Release|Any CPU
		{D0CF6B9E-34AD-4D5E-AEEC-F3DF6CE3ADC7}.Release|Any CPU.Build.0 = Release|Any CPU
		{A15C80C7-9D19-44B8-A12E-87E5CDBA5F7B}.Debug|Any CPU.ActiveCfg = Debug|Any CPU
		{A15C80C7-9D19-44B8-A12E-87E5CDBA5F7B}.Debug|Any CPU.Build.0 = Debug|Any CPU
		{A15C80C7-9D19-44B8-A12E-87E5CDBA5F7B}.Release|Any CPU.ActiveCfg = Release|Any CPU
		{A15C80C7-9D19-44B8-A12E-87E5CDBA5F7B}.Release|Any CPU.Build.0 = Release|Any CPU
		{6ACAC5F7-E30B-4348-959B-813CAFEF40CE}.Debug|Any CPU.ActiveCfg = Debug|Any CPU
		{6ACAC5F7-E30B-4348-959B-813CAFEF40CE}.Debug|Any CPU.Build.0 = Debug|Any CPU
		{6ACAC5F7-E30B-4348-959B-813CAFEF40CE}.Release|Any CPU.ActiveCfg = Release|Any CPU
		{6ACAC5F7-E30B-4348-959B-813CAFEF40CE}.Release|Any CPU.Build.0 = Release|Any CPU
		{E22C9BBB-2CD8-4B37-B215-4EC186D8556E}.Debug|Any CPU.ActiveCfg = Debug|Any CPU
		{E22C9BBB-2CD8-4B37-B215-4EC186D8556E}.Debug|Any CPU.Build.0 = Debug|Any CPU
		{E22C9BBB-2CD8-4B37-B215-4EC186D8556E}.Release|Any CPU.ActiveCfg = Release|Any CPU
		{E22C9BBB-2CD8-4B37-B215-4EC186D8556E}.Release|Any CPU.Build.0 = Release|Any CPU
		{CE416346-7955-4118-8D71-44D9077BCE36}.Debug|Any CPU.ActiveCfg = Debug|Any CPU
		{CE416346-7955-4118-8D71-44D9077BCE36}.Debug|Any CPU.Build.0 = Debug|Any CPU
		{CE416346-7955-4118-8D71-44D9077BCE36}.Release|Any CPU.ActiveCfg = Release|Any CPU
		{CE416346-7955-4118-8D71-44D9077BCE36}.Release|Any CPU.Build.0 = Release|Any CPU
		{1D9F2111-1C19-43EE-9AAB-6AFAEE7523B2}.Debug|Any CPU.ActiveCfg = Debug|Any CPU
		{1D9F2111-1C19-43EE-9AAB-6AFAEE7523B2}.Debug|Any CPU.Build.0 = Debug|Any CPU
		{1D9F2111-1C19-43EE-9AAB-6AFAEE7523B2}.Release|Any CPU.ActiveCfg = Release|Any CPU
		{1D9F2111-1C19-43EE-9AAB-6AFAEE7523B2}.Release|Any CPU.Build.0 = Release|Any CPU
		{F61800CC-BE74-432C-8E8B-A4A71B4B7D4E}.Debug|Any CPU.ActiveCfg = Debug|Any CPU
		{F61800CC-BE74-432C-8E8B-A4A71B4B7D4E}.Debug|Any CPU.Build.0 = Debug|Any CPU
		{F61800CC-BE74-432C-8E8B-A4A71B4B7D4E}.Release|Any CPU.ActiveCfg = Release|Any CPU
		{F61800CC-BE74-432C-8E8B-A4A71B4B7D4E}.Release|Any CPU.Build.0 = Release|Any CPU
		{E2DFC2E2-CEDB-41CA-B54D-CB3450C73649}.Debug|Any CPU.ActiveCfg = Debug|Any CPU
		{E2DFC2E2-CEDB-41CA-B54D-CB3450C73649}.Debug|Any CPU.Build.0 = Debug|Any CPU
		{E2DFC2E2-CEDB-41CA-B54D-CB3450C73649}.Release|Any CPU.ActiveCfg = Release|Any CPU
		{E2DFC2E2-CEDB-41CA-B54D-CB3450C73649}.Release|Any CPU.Build.0 = Release|Any CPU
		{BEFABB0D-F0EE-464D-BA3F-888609016F15}.Debug|Any CPU.ActiveCfg = Debug|Any CPU
		{BEFABB0D-F0EE-464D-BA3F-888609016F15}.Debug|Any CPU.Build.0 = Debug|Any CPU
		{BEFABB0D-F0EE-464D-BA3F-888609016F15}.Release|Any CPU.ActiveCfg = Release|Any CPU
		{BEFABB0D-F0EE-464D-BA3F-888609016F15}.Release|Any CPU.Build.0 = Release|Any CPU
		{CAB95631-0301-4625-A2BE-EFABF34B4F85}.Debug|Any CPU.ActiveCfg = Debug|Any CPU
		{CAB95631-0301-4625-A2BE-EFABF34B4F85}.Debug|Any CPU.Build.0 = Debug|Any CPU
		{CAB95631-0301-4625-A2BE-EFABF34B4F85}.Release|Any CPU.ActiveCfg = Release|Any CPU
		{CAB95631-0301-4625-A2BE-EFABF34B4F85}.Release|Any CPU.Build.0 = Release|Any CPU
		{4130E6EC-04C4-4058-98B8-F840E100615E}.Debug|Any CPU.ActiveCfg = Debug|Any CPU
		{4130E6EC-04C4-4058-98B8-F840E100615E}.Debug|Any CPU.Build.0 = Debug|Any CPU
		{4130E6EC-04C4-4058-98B8-F840E100615E}.Release|Any CPU.ActiveCfg = Release|Any CPU
		{4130E6EC-04C4-4058-98B8-F840E100615E}.Release|Any CPU.Build.0 = Release|Any CPU
		{544D10B8-D0F0-412B-A9E3-B7081501E423}.Debug|Any CPU.ActiveCfg = Debug|Any CPU
		{544D10B8-D0F0-412B-A9E3-B7081501E423}.Debug|Any CPU.Build.0 = Debug|Any CPU
		{544D10B8-D0F0-412B-A9E3-B7081501E423}.Release|Any CPU.ActiveCfg = Release|Any CPU
		{544D10B8-D0F0-412B-A9E3-B7081501E423}.Release|Any CPU.Build.0 = Release|Any CPU
		{880385E3-DF4E-4730-B5B5-C41BBFE22E88}.Debug|Any CPU.ActiveCfg = Debug|Any CPU
		{880385E3-DF4E-4730-B5B5-C41BBFE22E88}.Debug|Any CPU.Build.0 = Debug|Any CPU
		{880385E3-DF4E-4730-B5B5-C41BBFE22E88}.Release|Any CPU.ActiveCfg = Release|Any CPU
		{880385E3-DF4E-4730-B5B5-C41BBFE22E88}.Release|Any CPU.Build.0 = Release|Any CPU
		{B427D30A-5289-4552-B7A2-4FA13D9167BC}.Debug|Any CPU.ActiveCfg = Debug|Any CPU
		{B427D30A-5289-4552-B7A2-4FA13D9167BC}.Debug|Any CPU.Build.0 = Debug|Any CPU
		{B427D30A-5289-4552-B7A2-4FA13D9167BC}.Release|Any CPU.ActiveCfg = Release|Any CPU
		{B427D30A-5289-4552-B7A2-4FA13D9167BC}.Release|Any CPU.Build.0 = Release|Any CPU
		{D4741FE6-E836-4C4B-94D9-E1CEC2704F62}.Debug|Any CPU.ActiveCfg = Debug|Any CPU
		{D4741FE6-E836-4C4B-94D9-E1CEC2704F62}.Debug|Any CPU.Build.0 = Debug|Any CPU
		{D4741FE6-E836-4C4B-94D9-E1CEC2704F62}.Release|Any CPU.ActiveCfg = Release|Any CPU
		{D4741FE6-E836-4C4B-94D9-E1CEC2704F62}.Release|Any CPU.Build.0 = Release|Any CPU
		{D8AAFF4E-61A5-4D2D-9E00-91CFE0AFEB81}.Debug|Any CPU.ActiveCfg = Debug|Any CPU
		{D8AAFF4E-61A5-4D2D-9E00-91CFE0AFEB81}.Debug|Any CPU.Build.0 = Debug|Any CPU
		{D8AAFF4E-61A5-4D2D-9E00-91CFE0AFEB81}.Release|Any CPU.ActiveCfg = Release|Any CPU
		{D8AAFF4E-61A5-4D2D-9E00-91CFE0AFEB81}.Release|Any CPU.Build.0 = Release|Any CPU
	EndGlobalSection
	GlobalSection(SolutionProperties) = preSolution
		HideSolutionNode = FALSE
	EndGlobalSection
	GlobalSection(NestedProjects) = preSolution
		{6C4D37BB-BFE2-4379-8EF8-DD75F0D70252} = {65B3912E-9260-462B-90DE-0ACEDCE0A4E7}
		{1029CDFE-58F9-4C49-A2C2-F5CF861B7B88} = {65B3912E-9260-462B-90DE-0ACEDCE0A4E7}
		{833BF4C5-0618-47ED-B48E-DEC16BFE420B} = {65B3912E-9260-462B-90DE-0ACEDCE0A4E7}
		{0873DAB3-91A3-4737-AF2B-617F45FC01DD} = {65B3912E-9260-462B-90DE-0ACEDCE0A4E7}
		{A15C80C7-9D19-44B8-A12E-87E5CDBA5F7B} = {65B3912E-9260-462B-90DE-0ACEDCE0A4E7}
		{E22C9BBB-2CD8-4B37-B215-4EC186D8556E} = {65B3912E-9260-462B-90DE-0ACEDCE0A4E7}
		{1D9F2111-1C19-43EE-9AAB-6AFAEE7523B2} = {65B3912E-9260-462B-90DE-0ACEDCE0A4E7}
		{E2DFC2E2-CEDB-41CA-B54D-CB3450C73649} = {65B3912E-9260-462B-90DE-0ACEDCE0A4E7}
		{CAB95631-0301-4625-A2BE-EFABF34B4F85} = {65B3912E-9260-462B-90DE-0ACEDCE0A4E7}
		{544D10B8-D0F0-412B-A9E3-B7081501E423} = {65B3912E-9260-462B-90DE-0ACEDCE0A4E7}
		{B427D30A-5289-4552-B7A2-4FA13D9167BC} = {65B3912E-9260-462B-90DE-0ACEDCE0A4E7}
		{D8AAFF4E-61A5-4D2D-9E00-91CFE0AFEB81} = {65B3912E-9260-462B-90DE-0ACEDCE0A4E7}
	EndGlobalSection
EndGlobal
