
Microsoft Visual Studio Solution File, Format Version 12.00
# Visual Studio 14
VisualStudioVersion = 14.0.25420.1
MinimumVisualStudioVersion = 10.0.40219.1
Project("{FAE04EC0-301F-11D3-BF4B-00C04F79EFBC}") = "LibP2P.Abstractions.Transport", "LibP2P.Abstractions.Transport\LibP2P.Abstractions.Transport.csproj", "{4130E6EC-04C4-4058-98B8-F840E100615E}"
EndProject
Project("{2150E333-8FDC-42A3-9474-1A3956D46DE8}") = "Solution Items", "Solution Items", "{FD08B387-5BB1-4765-8E52-768FB89113CD}"
	ProjectSection(SolutionItems) = preProject
		.travis.yml = .travis.yml
		appveyor.yml = appveyor.yml
		LICENSE = LICENSE
		README.md = README.md
	EndProjectSection
EndProject
Project("{FAE04EC0-301F-11D3-BF4B-00C04F79EFBC}") = "LibP2P.Abstractions.Transport.Tests", "LibP2P.Abstractions.Transport.Tests\LibP2P.Abstractions.Transport.Tests.csproj", "{544D10B8-D0F0-412B-A9E3-B7081501E423}"
EndProject
Global
	GlobalSection(SolutionConfigurationPlatforms) = preSolution
		Debug|Any CPU = Debug|Any CPU
		Release|Any CPU = Release|Any CPU
	EndGlobalSection
	GlobalSection(ProjectConfigurationPlatforms) = postSolution
		{4130E6EC-04C4-4058-98B8-F840E100615E}.Debug|Any CPU.ActiveCfg = Debug|Any CPU
		{4130E6EC-04C4-4058-98B8-F840E100615E}.Debug|Any CPU.Build.0 = Debug|Any CPU
		{4130E6EC-04C4-4058-98B8-F840E100615E}.Release|Any CPU.ActiveCfg = Release|Any CPU
		{4130E6EC-04C4-4058-98B8-F840E100615E}.Release|Any CPU.Build.0 = Release|Any CPU
		{544D10B8-D0F0-412B-A9E3-B7081501E423}.Debug|Any CPU.ActiveCfg = Debug|Any CPU
		{544D10B8-D0F0-412B-A9E3-B7081501E423}.Debug|Any CPU.Build.0 = Debug|Any CPU
		{544D10B8-D0F0-412B-A9E3-B7081501E423}.Release|Any CPU.ActiveCfg = Release|Any CPU
		{544D10B8-D0F0-412B-A9E3-B7081501E423}.Release|Any CPU.Build.0 = Release|Any CPU
	EndGlobalSection
	GlobalSection(SolutionProperties) = preSolution
		HideSolutionNode = FALSE
	EndGlobalSection
EndGlobal
