
Microsoft Visual Studio Solution File, Format Version 12.00
# Visual Studio 14
VisualStudioVersion = 14.0.25420.1
MinimumVisualStudioVersion = 10.0.40219.1
Project("{FAE04EC0-301F-11D3-BF4B-00C04F79EFBC}") = "LibP2P.Routing", "LibP2P.Routing\LibP2P.Routing.csproj", "{BEFABB0D-F0EE-464D-BA3F-888609016F15}"
EndProject
Project("{FAE04EC0-301F-11D3-BF4B-00C04F79EFBC}") = "LibP2P.Routing.Tests", "LibP2P.Routing.Tests\LibP2P.Routing.Tests.csproj", "{CAB95631-0301-4625-A2BE-EFABF34B4F85}"
EndProject
Project("{2150E333-8FDC-42A3-9474-1A3956D46DE8}") = "Solution Items", "Solution Items", "{D4A68D7B-39E7-49F7-813C-571523F874F2}"
	ProjectSection(SolutionItems) = preProject
		.travis.yml = .travis.yml
		appveyor.yml = appveyor.yml
		LICENSE = LICENSE
		README.md = README.md
	EndProjectSection
EndProject
Global
	GlobalSection(SolutionConfigurationPlatforms) = preSolution
		Debug|Any CPU = Debug|Any CPU
		Release|Any CPU = Release|Any CPU
	EndGlobalSection
	GlobalSection(ProjectConfigurationPlatforms) = postSolution
		{BEFABB0D-F0EE-464D-BA3F-888609016F15}.Debug|Any CPU.ActiveCfg = Debug|Any CPU
		{BEFABB0D-F0EE-464D-BA3F-888609016F15}.Debug|Any CPU.Build.0 = Debug|Any CPU
		{BEFABB0D-F0EE-464D-BA3F-888609016F15}.Release|Any CPU.ActiveCfg = Release|Any CPU
		{BEFABB0D-F0EE-464D-BA3F-888609016F15}.Release|Any CPU.Build.0 = Release|Any CPU
		{CAB95631-0301-4625-A2BE-EFABF34B4F85}.Debug|Any CPU.ActiveCfg = Debug|Any CPU
		{CAB95631-0301-4625-A2BE-EFABF34B4F85}.Debug|Any CPU.Build.0 = Debug|Any CPU
		{CAB95631-0301-4625-A2BE-EFABF34B4F85}.Release|Any CPU.ActiveCfg = Release|Any CPU
		{CAB95631-0301-4625-A2BE-EFABF34B4F85}.Release|Any CPU.Build.0 = Release|Any CPU
	EndGlobalSection
	GlobalSection(SolutionProperties) = preSolution
		HideSolutionNode = FALSE
	EndGlobalSection
EndGlobal
